
Microsoft Visual Studio Solution File, Format Version 12.00
# Visual Studio Version 17
VisualStudioVersion = 17.0.31912.275
MinimumVisualStudioVersion = 10.0.40219.1
Project("{9A19103F-16F7-4668-BE54-9A1E7A4F7556}") = "FinBY.API", "FinBY.API\FinBY.API.csproj", "{A980C29E-D995-41E8-A676-8FA98E0EBCE3}"
EndProject
Project("{2150E333-8FDC-42A3-9474-1A3956D46DE8}") = "WebApp", "WebApp", "{3A6A5920-A020-42E6-84ED-067F3261AA0C}"
EndProject
Project("{9A19103F-16F7-4668-BE54-9A1E7A4F7556}") = "FinBY.Domain", "FinBY.Domain\FinBY.Domain.csproj", "{DEF49696-7D0E-48B3-BB37-0A813160454E}"
EndProject
Project("{9A19103F-16F7-4668-BE54-9A1E7A4F7556}") = "FinBY.Infra", "FinBY.Infra\FinBY.Infra.csproj", "{1077C75A-A61F-49CC-96E6-39A212F0133F}"
EndProject
Project("{9A19103F-16F7-4668-BE54-9A1E7A4F7556}") = "FinBY.EmailQueueReceiver", "FinBY.EmailQueueReceiver\FinBY.EmailQueueReceiver.csproj", "{988D2317-837B-4EB3-882D-98BFC0FC9530}"
EndProject
Project("{9A19103F-16F7-4668-BE54-9A1E7A4F7556}") = "FinBY.Tests", "FinBY.Tests\FinBY.Tests.csproj", "{8C412B4F-D7F4-4312-BEF4-36B5F5300550}"
EndProject
Project("{9A19103F-16F7-4668-BE54-9A1E7A4F7556}") = "FinBY.LoggerService", "FinBY.LoggerService\FinBY.LoggerService.csproj", "{2FD86CED-8F2F-4752-B9A3-DDC2E50EF532}"
EndProject
Project("{9A19103F-16F7-4668-BE54-9A1E7A4F7556}") = "FinBY.DBTests", "FinBY.DBTests\FinBY.DBTests.csproj", "{A06E6B73-2045-4A7B-963B-9C405CE8422A}"
EndProject
Project("{2150E333-8FDC-42A3-9474-1A3956D46DE8}") = "Tests", "Tests", "{D90211A4-5ABF-4BB5-8C89-0DAC67EAB190}"
EndProject
Project("{54A90642-561A-4BB1-A94E-469ADEE60C69}") = "finby.reactjs", "finby.reactjs\finby.reactjs.esproj", "{41E7CFC7-3115-4B64-B46F-4C485DCFAF28}"
EndProject
Project("{FAE04EC0-301F-11D3-BF4B-00C04F79EFBC}") = "FinBY.WebTests", "FinBY.WebTests\FinBY.WebTests.csproj", "{A7FC078F-CF15-4F17-A4CF-993562AE497F}"
EndProject
Global
	GlobalSection(SolutionConfigurationPlatforms) = preSolution
		Debug|Any CPU = Debug|Any CPU
		Debug|x64 = Debug|x64
		Release|Any CPU = Release|Any CPU
		Release|x64 = Release|x64
	EndGlobalSection
	GlobalSection(ProjectConfigurationPlatforms) = postSolution
		{A980C29E-D995-41E8-A676-8FA98E0EBCE3}.Debug|Any CPU.ActiveCfg = Debug|Any CPU
		{A980C29E-D995-41E8-A676-8FA98E0EBCE3}.Debug|Any CPU.Build.0 = Debug|Any CPU
		{A980C29E-D995-41E8-A676-8FA98E0EBCE3}.Debug|x64.ActiveCfg = Debug|x64
		{A980C29E-D995-41E8-A676-8FA98E0EBCE3}.Debug|x64.Build.0 = Debug|x64
		{A980C29E-D995-41E8-A676-8FA98E0EBCE3}.Release|Any CPU.ActiveCfg = Release|Any CPU
		{A980C29E-D995-41E8-A676-8FA98E0EBCE3}.Release|Any CPU.Build.0 = Release|Any CPU
		{A980C29E-D995-41E8-A676-8FA98E0EBCE3}.Release|x64.ActiveCfg = Release|x64
		{A980C29E-D995-41E8-A676-8FA98E0EBCE3}.Release|x64.Build.0 = Release|x64
		{DEF49696-7D0E-48B3-BB37-0A813160454E}.Debug|Any CPU.ActiveCfg = Debug|Any CPU
		{DEF49696-7D0E-48B3-BB37-0A813160454E}.Debug|Any CPU.Build.0 = Debug|Any CPU
		{DEF49696-7D0E-48B3-BB37-0A813160454E}.Debug|x64.ActiveCfg = Debug|x64
		{DEF49696-7D0E-48B3-BB37-0A813160454E}.Debug|x64.Build.0 = Debug|x64
		{DEF49696-7D0E-48B3-BB37-0A813160454E}.Release|Any CPU.ActiveCfg = Release|Any CPU
		{DEF49696-7D0E-48B3-BB37-0A813160454E}.Release|Any CPU.Build.0 = Release|Any CPU
		{DEF49696-7D0E-48B3-BB37-0A813160454E}.Release|x64.ActiveCfg = Release|x64
		{DEF49696-7D0E-48B3-BB37-0A813160454E}.Release|x64.Build.0 = Release|x64
		{1077C75A-A61F-49CC-96E6-39A212F0133F}.Debug|Any CPU.ActiveCfg = Debug|Any CPU
		{1077C75A-A61F-49CC-96E6-39A212F0133F}.Debug|Any CPU.Build.0 = Debug|Any CPU
		{1077C75A-A61F-49CC-96E6-39A212F0133F}.Debug|x64.ActiveCfg = Debug|x64
		{1077C75A-A61F-49CC-96E6-39A212F0133F}.Debug|x64.Build.0 = Debug|x64
		{1077C75A-A61F-49CC-96E6-39A212F0133F}.Release|Any CPU.ActiveCfg = Release|Any CPU
		{1077C75A-A61F-49CC-96E6-39A212F0133F}.Release|Any CPU.Build.0 = Release|Any CPU
		{1077C75A-A61F-49CC-96E6-39A212F0133F}.Release|x64.ActiveCfg = Release|x64
		{1077C75A-A61F-49CC-96E6-39A212F0133F}.Release|x64.Build.0 = Release|x64
		{988D2317-837B-4EB3-882D-98BFC0FC9530}.Debug|Any CPU.ActiveCfg = Debug|Any CPU
		{988D2317-837B-4EB3-882D-98BFC0FC9530}.Debug|Any CPU.Build.0 = Debug|Any CPU
		{988D2317-837B-4EB3-882D-98BFC0FC9530}.Debug|x64.ActiveCfg = Debug|x64
		{988D2317-837B-4EB3-882D-98BFC0FC9530}.Debug|x64.Build.0 = Debug|x64
		{988D2317-837B-4EB3-882D-98BFC0FC9530}.Release|Any CPU.ActiveCfg = Release|Any CPU
		{988D2317-837B-4EB3-882D-98BFC0FC9530}.Release|Any CPU.Build.0 = Release|Any CPU
		{988D2317-837B-4EB3-882D-98BFC0FC9530}.Release|x64.ActiveCfg = Release|x64
		{988D2317-837B-4EB3-882D-98BFC0FC9530}.Release|x64.Build.0 = Release|x64
		{8C412B4F-D7F4-4312-BEF4-36B5F5300550}.Debug|Any CPU.ActiveCfg = Debug|Any CPU
		{8C412B4F-D7F4-4312-BEF4-36B5F5300550}.Debug|Any CPU.Build.0 = Debug|Any CPU
		{8C412B4F-D7F4-4312-BEF4-36B5F5300550}.Debug|x64.ActiveCfg = Debug|x64
		{8C412B4F-D7F4-4312-BEF4-36B5F5300550}.Debug|x64.Build.0 = Debug|x64
		{8C412B4F-D7F4-4312-BEF4-36B5F5300550}.Release|Any CPU.ActiveCfg = Release|Any CPU
		{8C412B4F-D7F4-4312-BEF4-36B5F5300550}.Release|Any CPU.Build.0 = Release|Any CPU
		{8C412B4F-D7F4-4312-BEF4-36B5F5300550}.Release|x64.ActiveCfg = Release|x64
		{8C412B4F-D7F4-4312-BEF4-36B5F5300550}.Release|x64.Build.0 = Release|x64
		{2FD86CED-8F2F-4752-B9A3-DDC2E50EF532}.Debug|Any CPU.ActiveCfg = Debug|Any CPU
		{2FD86CED-8F2F-4752-B9A3-DDC2E50EF532}.Debug|Any CPU.Build.0 = Debug|Any CPU
		{2FD86CED-8F2F-4752-B9A3-DDC2E50EF532}.Debug|x64.ActiveCfg = Debug|x64
		{2FD86CED-8F2F-4752-B9A3-DDC2E50EF532}.Debug|x64.Build.0 = Debug|x64
		{2FD86CED-8F2F-4752-B9A3-DDC2E50EF532}.Release|Any CPU.ActiveCfg = Release|Any CPU
		{2FD86CED-8F2F-4752-B9A3-DDC2E50EF532}.Release|Any CPU.Build.0 = Release|Any CPU
		{2FD86CED-8F2F-4752-B9A3-DDC2E50EF532}.Release|x64.ActiveCfg = Release|x64
		{2FD86CED-8F2F-4752-B9A3-DDC2E50EF532}.Release|x64.Build.0 = Release|x64
		{A06E6B73-2045-4A7B-963B-9C405CE8422A}.Debug|Any CPU.ActiveCfg = Debug|Any CPU
		{A06E6B73-2045-4A7B-963B-9C405CE8422A}.Debug|Any CPU.Build.0 = Debug|Any CPU
		{A06E6B73-2045-4A7B-963B-9C405CE8422A}.Debug|x64.ActiveCfg = Debug|Any CPU
		{A06E6B73-2045-4A7B-963B-9C405CE8422A}.Debug|x64.Build.0 = Debug|Any CPU
		{A06E6B73-2045-4A7B-963B-9C405CE8422A}.Release|Any CPU.ActiveCfg = Release|Any CPU
		{A06E6B73-2045-4A7B-963B-9C405CE8422A}.Release|Any CPU.Build.0 = Release|Any CPU
		{A06E6B73-2045-4A7B-963B-9C405CE8422A}.Release|x64.ActiveCfg = Release|Any CPU
		{A06E6B73-2045-4A7B-963B-9C405CE8422A}.Release|x64.Build.0 = Release|Any CPU
		{41E7CFC7-3115-4B64-B46F-4C485DCFAF28}.Debug|Any CPU.ActiveCfg = Debug|Any CPU
		{41E7CFC7-3115-4B64-B46F-4C485DCFAF28}.Debug|Any CPU.Build.0 = Debug|Any CPU
		{41E7CFC7-3115-4B64-B46F-4C485DCFAF28}.Debug|Any CPU.Deploy.0 = Debug|Any CPU
		{41E7CFC7-3115-4B64-B46F-4C485DCFAF28}.Debug|x64.ActiveCfg = Debug|Any CPU
		{41E7CFC7-3115-4B64-B46F-4C485DCFAF28}.Debug|x64.Build.0 = Debug|Any CPU
		{41E7CFC7-3115-4B64-B46F-4C485DCFAF28}.Debug|x64.Deploy.0 = Debug|Any CPU
		{41E7CFC7-3115-4B64-B46F-4C485DCFAF28}.Release|Any CPU.ActiveCfg = Release|Any CPU
		{41E7CFC7-3115-4B64-B46F-4C485DCFAF28}.Release|Any CPU.Build.0 = Release|Any CPU
		{41E7CFC7-3115-4B64-B46F-4C485DCFAF28}.Release|Any CPU.Deploy.0 = Release|Any CPU
		{41E7CFC7-3115-4B64-B46F-4C485DCFAF28}.Release|x64.ActiveCfg = Release|Any CPU
		{41E7CFC7-3115-4B64-B46F-4C485DCFAF28}.Release|x64.Build.0 = Release|Any CPU
		{41E7CFC7-3115-4B64-B46F-4C485DCFAF28}.Release|x64.Deploy.0 = Release|Any CPU
		{A7FC078F-CF15-4F17-A4CF-993562AE497F}.Debug|Any CPU.ActiveCfg = Debug|Any CPU
		{A7FC078F-CF15-4F17-A4CF-993562AE497F}.Debug|Any CPU.Build.0 = Debug|Any CPU
		{A7FC078F-CF15-4F17-A4CF-993562AE497F}.Debug|x64.ActiveCfg = Debug|Any CPU
		{A7FC078F-CF15-4F17-A4CF-993562AE497F}.Debug|x64.Build.0 = Debug|Any CPU
		{A7FC078F-CF15-4F17-A4CF-993562AE497F}.Release|Any CPU.ActiveCfg = Release|Any CPU
		{A7FC078F-CF15-4F17-A4CF-993562AE497F}.Release|Any CPU.Build.0 = Release|Any CPU
		{A7FC078F-CF15-4F17-A4CF-993562AE497F}.Release|x64.ActiveCfg = Release|Any CPU
		{A7FC078F-CF15-4F17-A4CF-993562AE497F}.Release|x64.Build.0 = Release|Any CPU
	EndGlobalSection
	GlobalSection(SolutionProperties) = preSolution
		HideSolutionNode = FALSE
	EndGlobalSection
	GlobalSection(NestedProjects) = preSolution
		{8C412B4F-D7F4-4312-BEF4-36B5F5300550} = {D90211A4-5ABF-4BB5-8C89-0DAC67EAB190}
		{A06E6B73-2045-4A7B-963B-9C405CE8422A} = {D90211A4-5ABF-4BB5-8C89-0DAC67EAB190}
		{41E7CFC7-3115-4B64-B46F-4C485DCFAF28} = {3A6A5920-A020-42E6-84ED-067F3261AA0C}
		{A7FC078F-CF15-4F17-A4CF-993562AE497F} = {D90211A4-5ABF-4BB5-8C89-0DAC67EAB190}
	EndGlobalSection
	GlobalSection(ExtensibilityGlobals) = postSolution
		SolutionGuid = {DE2D8065-E4CE-4D42-9B7F-3CD168D33A92}
	EndGlobalSection
EndGlobal
